
Microsoft Visual Studio Solution File, Format Version 12.00
# Visual Studio Version 16
VisualStudioVersion = 16.0.30523.141
MinimumVisualStudioVersion = 10.0.40219.1
Project("{FAE04EC0-301F-11D3-BF4B-00C04F79EFBC}") = "Proyecto", "Proyecto\Proyecto.csproj", "{567FA655-ACFE-4EDD-BF3F-513AF9CCDD90}"
EndProject
Project("{FAE04EC0-301F-11D3-BF4B-00C04F79EFBC}") = "Entity", "Entity\Entity.csproj", "{04F72BAF-275C-4551-B83E-0CA44F7213D8}"
EndProject
Project("{FAE04EC0-301F-11D3-BF4B-00C04F79EFBC}") = "PresentacionGUI", "PresentacionGUI\PresentacionGUI.csproj", "{A456C35E-EC67-4366-97F5-6D27F189F872}"
EndProject
Project("{9A19103F-16F7-4668-BE54-9A1E7A4F7556}") = "BLL", "BLL\BLL.csproj", "{D70927DA-B801-4E08-A1C6-88550F8C5787}"
EndProject
Project("{9A19103F-16F7-4668-BE54-9A1E7A4F7556}") = "DAL", "DAL\DAL.csproj", "{469C82F8-035D-4886-B80F-B8E67D492561}"
EndProject
Project("{FAE04EC0-301F-11D3-BF4B-00C04F79EFBC}") = "Infraestructura", "Infraestructura\Infraestructura.csproj", "{31B018F1-F9CD-47AF-94A5-34590B18655A}"
EndProject
Global
	GlobalSection(SolutionConfigurationPlatforms) = preSolution
		Debug|Any CPU = Debug|Any CPU
		Release|Any CPU = Release|Any CPU
	EndGlobalSection
	GlobalSection(ProjectConfigurationPlatforms) = postSolution
		{567FA655-ACFE-4EDD-BF3F-513AF9CCDD90}.Debug|Any CPU.ActiveCfg = Debug|Any CPU
		{567FA655-ACFE-4EDD-BF3F-513AF9CCDD90}.Debug|Any CPU.Build.0 = Debug|Any CPU
		{567FA655-ACFE-4EDD-BF3F-513AF9CCDD90}.Release|Any CPU.ActiveCfg = Release|Any CPU
		{567FA655-ACFE-4EDD-BF3F-513AF9CCDD90}.Release|Any CPU.Build.0 = Release|Any CPU
		{04F72BAF-275C-4551-B83E-0CA44F7213D8}.Debug|Any CPU.ActiveCfg = Debug|Any CPU
		{04F72BAF-275C-4551-B83E-0CA44F7213D8}.Debug|Any CPU.Build.0 = Debug|Any CPU
		{04F72BAF-275C-4551-B83E-0CA44F7213D8}.Release|Any CPU.ActiveCfg = Release|Any CPU
		{04F72BAF-275C-4551-B83E-0CA44F7213D8}.Release|Any CPU.Build.0 = Release|Any CPU
		{A456C35E-EC67-4366-97F5-6D27F189F872}.Debug|Any CPU.ActiveCfg = Debug|Any CPU
		{A456C35E-EC67-4366-97F5-6D27F189F872}.Debug|Any CPU.Build.0 = Debug|Any CPU
		{A456C35E-EC67-4366-97F5-6D27F189F872}.Release|Any CPU.ActiveCfg = Release|Any CPU
		{A456C35E-EC67-4366-97F5-6D27F189F872}.Release|Any CPU.Build.0 = Release|Any CPU
		{D70927DA-B801-4E08-A1C6-88550F8C5787}.Debug|Any CPU.ActiveCfg = Debug|Any CPU
		{D70927DA-B801-4E08-A1C6-88550F8C5787}.Debug|Any CPU.Build.0 = Debug|Any CPU
		{D70927DA-B801-4E08-A1C6-88550F8C5787}.Release|Any CPU.ActiveCfg = Release|Any CPU
		{D70927DA-B801-4E08-A1C6-88550F8C5787}.Release|Any CPU.Build.0 = Release|Any CPU
		{469C82F8-035D-4886-B80F-B8E67D492561}.Debug|Any CPU.ActiveCfg = Debug|Any CPU
		{469C82F8-035D-4886-B80F-B8E67D492561}.Debug|Any CPU.Build.0 = Debug|Any CPU
		{469C82F8-035D-4886-B80F-B8E67D492561}.Release|Any CPU.ActiveCfg = Release|Any CPU
		{469C82F8-035D-4886-B80F-B8E67D492561}.Release|Any CPU.Build.0 = Release|Any CPU
		{31B018F1-F9CD-47AF-94A5-34590B18655A}.Debug|Any CPU.ActiveCfg = Debug|Any CPU
		{31B018F1-F9CD-47AF-94A5-34590B18655A}.Debug|Any CPU.Build.0 = Debug|Any CPU
		{31B018F1-F9CD-47AF-94A5-34590B18655A}.Release|Any CPU.ActiveCfg = Release|Any CPU
		{31B018F1-F9CD-47AF-94A5-34590B18655A}.Release|Any CPU.Build.0 = Release|Any CPU
	EndGlobalSection
	GlobalSection(SolutionProperties) = preSolution
		HideSolutionNode = FALSE
	EndGlobalSection
	GlobalSection(ExtensibilityGlobals) = postSolution
		SolutionGuid = {2B4E030B-D1F0-4272-8320-0AEA2EB25A7D}
	EndGlobalSection
EndGlobal
